# This file is autogenerated, do not edit; changes may be undone by the next 'dep ensure'.


[[projects]]
  name = "github.com/go-sql-driver/mysql"
  packages = ["."]
  revision = "7ebe0a500653eeb1859664bed5e48dec1e164e73"

[[projects]]
  name = "github.com/kusubooru/shimmie"
  packages = [".","store"]
  revision = "0b14914c433b65922698a5f60126e23349095c9e"

[solve-meta]
  analyzer-name = "dep"
  analyzer-version = 1
  inputs-digest = "72c30a8d8703328903dc15ddaf149e3957e31e966bc73bd697847220953922a2"
  solver-name = "gps-cdcl"
  solver-version = 1
